
Microsoft Visual Studio Solution File, Format Version 12.00
# Visual Studio Version 17
VisualStudioVersion = 17.4.33205.214
MinimumVisualStudioVersion = 10.0.40219.1
Project("{8BC9CEB8-8B4A-11D0-8D11-00A0C91BC942}") = "LabNo7", "LabNo7\LabNo7.vcxproj", "{606D0428-495E-45BC-B01B-8268AE472093}"
EndProject
Global
	GlobalSection(SolutionConfigurationPlatforms) = preSolution
		Debug|x64 = Debug|x64
		Debug|x86 = Debug|x86
		Release|x64 = Release|x64
		Release|x86 = Release|x86
	EndGlobalSection
	GlobalSection(ProjectConfigurationPlatforms) = postSolution
		{606D0428-495E-45BC-B01B-8268AE472093}.Debug|x64.ActiveCfg = Debug|x64
		{606D0428-495E-45BC-B01B-8268AE472093}.Debug|x64.Build.0 = Debug|x64
		{606D0428-495E-45BC-B01B-8268AE472093}.Debug|x86.ActiveCfg = Debug|Win32
		{606D0428-495E-45BC-B01B-8268AE472093}.Debug|x86.Build.0 = Debug|Win32
		{606D0428-495E-45BC-B01B-8268AE472093}.Release|x64.ActiveCfg = Release|x64
		{606D0428-495E-45BC-B01B-8268AE472093}.Release|x64.Build.0 = Release|x64
		{606D0428-495E-45BC-B01B-8268AE472093}.Release|x86.ActiveCfg = Release|Win32
		{606D0428-495E-45BC-B01B-8268AE472093}.Release|x86.Build.0 = Release|Win32
	EndGlobalSection
	GlobalSection(SolutionProperties) = preSolution
		HideSolutionNode = FALSE
	EndGlobalSection
	GlobalSection(ExtensibilityGlobals) = postSolution
		SolutionGuid = {4AB7B61A-2638-423B-BF35-F65553E4D884}
	EndGlobalSection
EndGlobal
